
Microsoft Visual Studio Solution File, Format Version 12.00
# Visual Studio Version 16
VisualStudioVersion = 16.0.29613.14
MinimumVisualStudioVersion = 10.0.40219.1
Project("{FAE04EC0-301F-11D3-BF4B-00C04F79EFBC}") = "SampleMVCProject", "SampleMVCProject.csproj", "{2FFB5A90-17A3-41EE-90F3-7DA2BE28A8D8}"
EndProject
Global
	GlobalSection(SolutionConfigurationPlatforms) = preSolution
		Debug|Any CPU = Debug|Any CPU
		Release|Any CPU = Release|Any CPU
	EndGlobalSection
	GlobalSection(ProjectConfigurationPlatforms) = postSolution
		{2FFB5A90-17A3-41EE-90F3-7DA2BE28A8D8}.Debug|Any CPU.ActiveCfg = Debug|Any CPU
		{2FFB5A90-17A3-41EE-90F3-7DA2BE28A8D8}.Debug|Any CPU.Build.0 = Debug|Any CPU
		{2FFB5A90-17A3-41EE-90F3-7DA2BE28A8D8}.Release|Any CPU.ActiveCfg = Release|Any CPU
		{2FFB5A90-17A3-41EE-90F3-7DA2BE28A8D8}.Release|Any CPU.Build.0 = Release|Any CPU
	EndGlobalSection
	GlobalSection(SolutionProperties) = preSolution
		HideSolutionNode = FALSE
	EndGlobalSection
	GlobalSection(ExtensibilityGlobals) = postSolution
		SolutionGuid = {2AC059F3-1C67-4D13-A597-5BA6C3A53E4F}
	EndGlobalSection
EndGlobal
